
Microsoft Visual Studio Solution File, Format Version 12.00
# Visual Studio Version 16
VisualStudioVersion = 16.0.31205.134
MinimumVisualStudioVersion = 10.0.40219.1
Project("{888888A0-9F3D-457C-B088-3A5042F75D52}") = "PPS Number Generator", "PPS Number Generator\PPS Number Generator.pyproj", "{192EDB1C-4409-4B69-8317-BF5695CACA36}"
EndProject
Global
	GlobalSection(SolutionConfigurationPlatforms) = preSolution
		Debug|Any CPU = Debug|Any CPU
		Release|Any CPU = Release|Any CPU
	EndGlobalSection
	GlobalSection(ProjectConfigurationPlatforms) = postSolution
		{192EDB1C-4409-4B69-8317-BF5695CACA36}.Debug|Any CPU.ActiveCfg = Debug|Any CPU
		{192EDB1C-4409-4B69-8317-BF5695CACA36}.Release|Any CPU.ActiveCfg = Release|Any CPU
	EndGlobalSection
	GlobalSection(SolutionProperties) = preSolution
		HideSolutionNode = FALSE
	EndGlobalSection
	GlobalSection(ExtensibilityGlobals) = postSolution
		SolutionGuid = {0CFEF22A-31CB-4893-A16D-F1D006B3190A}
	EndGlobalSection
EndGlobal
